
Microsoft Visual Studio Solution File, Format Version 12.00
# Visual Studio Version 16
VisualStudioVersion = 16.0.32428.217
MinimumVisualStudioVersion = 10.0.40219.1
Project("{FAE04EC0-301F-11D3-BF4B-00C04F79EFBC}") = "FunctionsReturnAndArrayFromFile", "FunctionsReturnAndArrayFromFile\FunctionsReturnAndArrayFromFile.csproj", "{93942C2C-1585-48BC-BFA7-1C5AB9FADF53}"
EndProject
Project("{FAE04EC0-301F-11D3-BF4B-00C04F79EFBC}") = "FridayNightRandom", "FridayNightRandom\FridayNightRandom.csproj", "{8A54CCAE-9783-4DF8-A5ED-0752609C3D4A}"
EndProject
Project("{FAE04EC0-301F-11D3-BF4B-00C04F79EFBC}") = "FridayNightRandomReturn", "FridayNightRandomReturn\FridayNightRandomReturn.csproj", "{BF041E79-6A8F-4ED6-A9D6-AB6735A1ABB7}"
EndProject
Project("{FAE04EC0-301F-11D3-BF4B-00C04F79EFBC}") = "PickRandomFromFile", "PickRandomFromFile\PickRandomFromFile.csproj", "{B27631A6-72E0-4FEC-82C8-180A176E85E8}"
EndProject
Project("{FAE04EC0-301F-11D3-BF4B-00C04F79EFBC}") = "ChuckNorris", "ChuckNorris\ChuckNorris.csproj", "{AADDC4F5-A9E6-4ACB-964B-210722B05ABD}"
EndProject
Global
	GlobalSection(SolutionConfigurationPlatforms) = preSolution
		Debug|Any CPU = Debug|Any CPU
		Release|Any CPU = Release|Any CPU
	EndGlobalSection
	GlobalSection(ProjectConfigurationPlatforms) = postSolution
		{93942C2C-1585-48BC-BFA7-1C5AB9FADF53}.Debug|Any CPU.ActiveCfg = Debug|Any CPU
		{93942C2C-1585-48BC-BFA7-1C5AB9FADF53}.Debug|Any CPU.Build.0 = Debug|Any CPU
		{93942C2C-1585-48BC-BFA7-1C5AB9FADF53}.Release|Any CPU.ActiveCfg = Release|Any CPU
		{93942C2C-1585-48BC-BFA7-1C5AB9FADF53}.Release|Any CPU.Build.0 = Release|Any CPU
		{8A54CCAE-9783-4DF8-A5ED-0752609C3D4A}.Debug|Any CPU.ActiveCfg = Debug|Any CPU
		{8A54CCAE-9783-4DF8-A5ED-0752609C3D4A}.Debug|Any CPU.Build.0 = Debug|Any CPU
		{8A54CCAE-9783-4DF8-A5ED-0752609C3D4A}.Release|Any CPU.ActiveCfg = Release|Any CPU
		{8A54CCAE-9783-4DF8-A5ED-0752609C3D4A}.Release|Any CPU.Build.0 = Release|Any CPU
		{BF041E79-6A8F-4ED6-A9D6-AB6735A1ABB7}.Debug|Any CPU.ActiveCfg = Debug|Any CPU
		{BF041E79-6A8F-4ED6-A9D6-AB6735A1ABB7}.Debug|Any CPU.Build.0 = Debug|Any CPU
		{BF041E79-6A8F-4ED6-A9D6-AB6735A1ABB7}.Release|Any CPU.ActiveCfg = Release|Any CPU
		{BF041E79-6A8F-4ED6-A9D6-AB6735A1ABB7}.Release|Any CPU.Build.0 = Release|Any CPU
		{B27631A6-72E0-4FEC-82C8-180A176E85E8}.Debug|Any CPU.ActiveCfg = Debug|Any CPU
		{B27631A6-72E0-4FEC-82C8-180A176E85E8}.Debug|Any CPU.Build.0 = Debug|Any CPU
		{B27631A6-72E0-4FEC-82C8-180A176E85E8}.Release|Any CPU.ActiveCfg = Release|Any CPU
		{B27631A6-72E0-4FEC-82C8-180A176E85E8}.Release|Any CPU.Build.0 = Release|Any CPU
		{AADDC4F5-A9E6-4ACB-964B-210722B05ABD}.Debug|Any CPU.ActiveCfg = Debug|Any CPU
		{AADDC4F5-A9E6-4ACB-964B-210722B05ABD}.Debug|Any CPU.Build.0 = Debug|Any CPU
		{AADDC4F5-A9E6-4ACB-964B-210722B05ABD}.Release|Any CPU.ActiveCfg = Release|Any CPU
		{AADDC4F5-A9E6-4ACB-964B-210722B05ABD}.Release|Any CPU.Build.0 = Release|Any CPU
	EndGlobalSection
	GlobalSection(SolutionProperties) = preSolution
		HideSolutionNode = FALSE
	EndGlobalSection
	GlobalSection(ExtensibilityGlobals) = postSolution
		SolutionGuid = {A0B684AB-47A1-4767-8FDE-08672B843D9C}
	EndGlobalSection
EndGlobal
